github.com/aws/aws-lambda-go v1.48.0 h1:1aZUYsrJu0yo5fC4z+Rba1KhNImXcJcvHu763BxoyIo=
github.com/aws/aws-lambda-go v1.48.0/go.mod h1:dpMpZgvWx5vuQJfBt0zqBha60q7Dd7RfgJv23DymV8A=
github.com/aws/aws-sdk-go-v2 v1.30.3 h1:jUeBtG0Ih+ZIFH0F4UkmL9w3cSpaMv9tYYDbzILP8dY=
github.com/aws/aws-sdk-go-v2 v1.30.3/go.mod h1:nIQjQVp5sfpQcTc9mPSr1B0PaWK5ByX9MOoDadSN4lc=
github.com/aws/aws-sdk-go-v2/aws/protocol/eventstream v1.6.3 h1:tW1/Rkad38LA15X4UQtjXZXNKsCgkshC3EbmcUmghTg=
github.com/aws/aws-sdk-go-v2/aws/protocol/eventstream v1.6.3/go.mod h1:UbnqO+zjqk3uIt9yCACHJ9IVNhyhOCnYk8yA19SAWrM=
github.com/aws/aws-sdk-go-v2/config v1.27.17 h1:L0JZN7Gh7pT6u5CJReKsLhGKparqNKui+mcpxMXjDZc=
github.com/aws/aws-sdk-go-v2/config v1.27.17/go.mod h1:MzM3balLZeaafYcPz8IihAmam/aCz6niPQI0FdprxW0=
github.com/aws/aws-sdk-go-v2/credentials v1.17.17 h1:b3Dk9uxQByS9sc6r0sc2jmxsJKO75eOcb9nNEiaUBLM=
github.com/aws/aws-sdk-go-v2/credentials v1.17.17/go.mod h1:e4khg9iY08LnFK/HXQDWMf9GDaiMari7jWPnXvKAuBU=
github.com/aws/aws-sdk-go-v2/feature/ec2/imds v1.16.4 h1:0cSfTYYL9qiRcdi4Dvz+8s3JUgNR2qvbgZkXcwPEEEk=
github.com/aws/aws-sdk-go-v2/feature/ec2/imds v1.16.4/go.mod h1:Wjn5O9eS7uSi7vlPKt/v0MLTncANn9EMmoDvnzJli6o=
github.com/aws/aws-sdk-go-v2/internal/configsources v1.3.15 h1:SoNJ4RlFEQEbtDcCEt+QG56MY4fm4W8rYirAmq+/DdU=
github.com/aws/aws-sdk-go-v2/internal/configsources v1.3.15/go.mod h1:U9ke74k1n2bf+RIgoX1SXFed1HLs51OgUSs+Ph0KJP8=
github.com/aws/aws-sdk-go-v2/internal/endpoints/v2 v2.6.15 h1:C6WHdGnTDIYETAm5iErQUiVNsclNx9qbJVPIt03B6bI=
github.com/aws/aws-sdk-go-v2/internal/endpoints/v2 v2.6.15/go.mod h1:ZQLZqhcu+JhSrA9/NXRm8SkDvsycE+JkV3WGY41e+IM=
github.com/aws/aws-sdk-go-v2/internal/ini v1.8.0 h1:hT8rVHwugYE2lEfdFE0QWVo81lF7jMrYJVDWI+f+VxU=
github.com/aws/aws-sdk-go-v2/internal/ini v1.8.0/go.mod h1:8tu/lYfQfFe6IGnaOdrpVgEL2IrrDOf6/m9RQum4NkY=
github.com/aws/aws-sdk-go-v2/internal/v4a v1.3.15 h1:Z5r7SycxmSllHYmaAZPpmN8GviDrSGhMS6bldqtXZPw=
github.com/aws/aws-sdk-go-v2/internal/v4a v1.3.15/go.mod h1:CetW7bDE00QoGEmPUoZuRog07SGVAUVW6LFpNP0YfIg=
github.com/aws/aws-sdk-go-v2/service/internal/accept-encoding v1.11.3 h1:dT3MqvGhSoaIhRseqw2I0yH81l7wiR2vjs57O51EAm8=
github.com/aws/aws-sdk-go-v2/service/internal/accept-encoding v1.11.3/go.mod h1:GlAeCkHwugxdHaueRr4nhPuY+WW+gR8UjlcqzPr1SPI=
github.com/aws/aws-sdk-go-v2/service/internal/checksum v1.3.17 h1:YPYe6ZmvUfDDDELqEKtAd6bo8zxhkm+XEFEzQisqUIE=
github.com/aws/aws-sdk-go-v2/service/internal/checksum v1.3.17/go.mod h1:oBtcnYua/CgzCWYN7NZ5j7PotFDaFSUjCYVTtfyn7vw=
github.com/aws/aws-sdk-go-v2/service/internal/presigned-url v1.11.17 h1:HGErhhrxZlQ044RiM+WdoZxp0p+EGM62y3L6pwA4olE=
github.com/aws/aws-sdk-go-v2/service/internal/presigned-url v1.11.17/go.mod h1:RkZEx4l0EHYDJpWppMJ3nD9wZJAa8/0lq9aVC+r2UII=
github.com/aws/aws-sdk-go-v2/service/internal/s3shared v1.17.15 h1:246A4lSTXWJw/rmlQI+TT2OcqeDMKBdyjEQrafMaQdA=
github.com/aws/aws-sdk-go-v2/service/internal/s3shared v1.17.15/go.mod h1:haVfg3761/WF7YPuJOER2MP0k4UAXyHaLclKXB6usDg=
github.com/aws/aws-sdk-go-v2/service/s3 v1.58.2 h1:sZXIzO38GZOU+O0C+INqbH7C2yALwfMWpd64tONS/NE=
github.com/aws/aws-sdk-go-v2/service/s3 v1.58.2/go.mod h1:Lcxzg5rojyVPU/0eFwLtcyTaek/6Mtic5B1gJo7e/zE=
github.com/aws/aws-sdk-go-v2/service/sso v1.20.10 h1:ItKVmFwbyb/ZnCWf+nu3XBVmUirpO9eGEQd7urnBA0s=
github.com/aws/aws-sdk-go-v2/service/sso v1.20.10/go.mod h1:5XKooCTi9VB/xZmJDvh7uZ+v3uQ7QdX6diOyhvPA+/w=
github.com/aws/aws-sdk-go-v2/service/ssooidc v1.24.4 h1:QMSCYDg3Iyls0KZc/dk3JtS2c1lFfqbmYO10qBPPkJk=
github.com/aws/aws-sdk-go-v2/service/ssooidc v1.24.4/go.mod h1:MZ/PVYU/mRbmSF6WK3ybCYHjA2mig8utVokDEVLDgE0=
github.com/aws/aws-sdk-go-v2/service/sts v1.28.11 h1:HYS0csS7UJxdYRoG+bGgUYrSwVnV3/ece/wHm90TApM=
github.com/aws/aws-sdk-go-v2/service/sts v1.28.11/go.mod h1:QXnthRM35zI92048MMwfFChjFmoufTdhtHmouwNfhhU=
github.com/aws/smithy-go v1.20.3 h1:ryHwveWzPV5BIof6fyDvor6V3iUL7nTfiTKXHiW05nE=
github.com/aws/smithy-go v1.20.3/go.mod h1:krry+ya/rV9RDcV/Q16kpu6ypI4K2czasz0NC3qS14E=
github.com/cention-sany/utf7 v0.0.0-20170124080048-26cad61bd60a h1:MISbI8sU/PSK/ztvmWKFcI7UGb5/HQT7B+i3a2myKgI=
github.com/cention-sany/utf7 v0.0.0-20170124080048-26cad61bd60a/go.mod h1:2GxOXOlEPAMFPfp014mK1SWq8G8BN8o7/dfYqJrVGn8=
github.com/davecgh/go-spew v1.1.1 h1:vj9j/u1bqnvCEfJOwUhtlOARqs3+rkHYY13jYWTU97c=
github.com/davecgh/go-spew v1.1.1/go.mod h1:J7Y8YcW2NihsgmVo/mv3lAwl/skON4iLHjSsI+c5H38=
github.com/go-test/deep v1.1.0 h1:WOcxcdHcvdgThNXjw0t76K42FXTU7HpNQWHpA2HHNlg=
github.com/go-test/deep v1.1.0/go.mod h1:5C2ZWiW0ErCdrYzpqxLbTX7MG14M9iiw8DgHncVwcsE=
github.com/gogs/chardet v0.0.0-20211120154057-b7413eaefb8f h1:3BSP1Tbs2djlpprl7wCLuiqMaUh5SJkkzI2gDs+FgLs=
github.com/gogs/chardet v0.0.0-20211120154057-b7413eaefb8f/go.mod h1:Pcatq5tYkCW2Q6yrR2VRHlbHpZ/R4/7qyL1TCF7vl14=
github.com/google/uuid v1.6.0 h1:NIvaJDMOsjHA8n1jAhLSgzrAzy1Hgr+hNrb57e+94F0=
github.com/google/uuid v1.6.0/go.mod h1:TIyPZe4MgqvfeYDBFedMoGGpEw/LqOeaOT+nhxU+yHo=
github.com/jaytaylor/html2text v0.0.0-20230321000545-74c2419ad056 h1:iCHtR9CQyktQ5+f3dMVZfwD2KWJUgm7M0gdL9NGr8KA=
github.com/jaytaylor/html2text v0.0.0-20230321000545-74c2419ad056/go.mod h1:CVKlgaMiht+LXvHG173ujK6JUhZXKb2u/BQtjPDIvyk=
github.com/jhillyerd/enmime v1.2.0 h1:dIu1IPEymQgoT2dzuB//ttA/xcV40NMPpQtmd4wslHk=
github.com/jhillyerd/enmime v1.2.0/go.mod h1:FRFuUPCLh8PByQv+8xRcLO9QHqaqTqreYhopv5eyk4I=
github.com/mattn/go-runewidth v0.0.9/go.mod h1:H031xJmbD/WCDINGzjvQ9THkh0rPKHF+m2gUSrubnMI=
github.com/mattn/go-runewidth v0.0.15 h1:UNAjwbU9l54TA3KzvqLGxwWjHmMgBUVhBiTjelZgg3U=
github.com/mattn/go-runewidth v0.0.15/go.mod h1:Jdepj2loyihRzMpdS35Xk/zdY8IAYHsh153qUoGf23w=
github.com/olekukonko/tablewriter v0.0.5 h1:P2Ga83D34wi1o9J6Wh1mRuqd4mF/x/lgBS7N7AbDhec=
github.com/olekukonko/tablewriter v0.0.5/go.mod h1:hPp6KlRPjbx+hW8ykQs1w3UBbZlj6HuIJcUGPhkA7kY=
github.com/pkg/errors v0.9.1 h1:FEBLx1zS214owpjy7qsBeixbURkuhQAwrK5UwLGTwt4=
github.com/pkg/errors v0.9.1/go.mod h1:bwawxfHBFNV+L2hUp1rHADufV3IMtnDRdf1r5NINEl0=
github.com/pmezard/go-difflib v1.0.0 h1:4DBwDE0NGyQoBHbLQYPwSUPoCMWR5BEzIk/f1lZbAQM=
github.com/pmezard/go-difflib v1.0.0/go.mod h1:iKH77koFhYxTK1pcRnkKkqfTogsbg7gZNVY4sRDYZ/4=
github.com/rivo/uniseg v0.2.0/go.mod h1:J6wj4VEh+S6ZtnVlnTBMWIodfgj8LQOQFoIToxlJtxc=
github.com/rivo/uniseg v0.4.4 h1:8TfxU8dW6PdqD27gjM8MVNuicgxIjxpm4K7x4jp8sis=
github.com/rivo/uniseg v0.4.4/go.mod h1:FN3SvrM+Zdj16jyLfmOkMNblXMcoc8DfTHruCPUcx88=
github.com/ssor/bom v0.0.0-20170718123548-6386211fdfcf h1:pvbZ0lM0XWPBqUKqFU8cmavspvIl9nulOYwdy6IFRRo=
github.com/ssor/bom v0.0.0-20170718123548-6386211fdfcf/go.mod h1:RJID2RhlZKId02nZ62WenDCkgHFerpIOmW0iT7GKmXM=
github.com/stretchr/testify v1.8.4 h1:CcVxjf3Q8PM0mHUKJCdn+eZZtm5yQwehR5yeSVQQcUk=
github.com/stretchr/testify v1.8.4/go.mod h1:sz/lmYIOXD/1dqDmKjjqLyZ2RngseejIcXlSw2iwfAo=
golang.org/x/net v0.38.0 h1:vRMAPTMaeGqVhG5QyLJHqNDwecKTomGeqbnfZyKlBI8=
golang.org/x/net v0.38.0/go.mod h1:ivrbrMbzFq5J41QOQh0siUuly180yBYtLp+CKbEaFx8=
golang.org/x/text v0.23.0 h1:D71I7dUrlY+VX0gQShAThNGHFxZ13dGLBHQLVl1mJlY=
golang.org/x/text v0.23.0/go.mod h1:/BLNzu4aZCJ1+kcD0DNRotWKage4q2rGVAg4o22unh4=
gopkg.in/yaml.v3 v3.0.1 h1:fxVm/GzAzEWqLHuvctI91KS9hhNmmWOoWu0XTYJS7CA=
gopkg.in/yaml.v3 v3.0.1/go.mod h1:K4uyk7z7BCEPqu6E+C64Yfv1cQ7kz7rIZviUmN+EgEM=
